<?xml version="1.0" encoding="utf-8"?>
<Project ToolsVersion="4.0" xmlns="http://schemas.microsoft.com/developer/msbuild/2003">
  <ItemGroup>
    <Filter Include="리소스 파일">
      <UniqueIdentifier>{67DA6AB6-F800-4c08-8B7A-83BB121AAD01}</UniqueIdentifier>
      <Extensions>rc;ico;cur;bmp;dlg;rc2;rct;bin;rgs;gif;jpg;jpeg;jpe;resx;tiff;tif;png;wav;mfcribbon-ms</Extensions>
    </Filter>
    <Filter Include="99.Headers">
      <UniqueIdentifier>{93995380-89BD-4b04-88EB-625FBE52EBFB}</UniqueIdentifier>
      <Extensions>h;hh;hpp;hxx;h++;hm;inl;inc;ipp;xsd</Extensions>
    </Filter>
    <Filter Include="01.Main">
      <UniqueIdentifier>{5c90fae9-5b97-43f9-bebe-45712c4fe3c7}</UniqueIdentifier>
    </Filter>
  </ItemGroup>
  <ItemGroup>
    <ClInclude Include="framework.h">
      <Filter>99.Headers</Filter>
    </ClInclude>
    <ClInclude Include="targetver.h">
      <Filter>99.Headers</Filter>
    </ClInclude>
    <ClInclude Include="Resource.h">
      <Filter>99.Headers</Filter>
    </ClInclude>
    <ClInclude Include="main.h">
      <Filter>01.Main</Filter>
    </ClInclude>
    <ClInclude Include="pch.h">
      <Filter>99.Headers</Filter>
    </ClInclude>
    <ClInclude Include="Values.h">
      <Filter>99.Headers</Filter>
    </ClInclude>
    <ClInclude Include="Struct.h">
      <Filter>99.Headers</Filter>
    </ClInclude>
    <ClInclude Include="Types.h">
      <Filter>99.Headers</Filter>
    </ClInclude>
    <ClInclude Include="Game.h">
      <Filter>01.Main</Filter>
    </ClInclude>
  </ItemGroup>
  <ItemGroup>
    <ResourceCompile Include="main.rc">
      <Filter>리소스 파일</Filter>
    </ResourceCompile>
  </ItemGroup>
  <ItemGroup>
    <Image Include="small.ico">
      <Filter>리소스 파일</Filter>
    </Image>
    <Image Include="main.ico">
      <Filter>리소스 파일</Filter>
    </Image>
  </ItemGroup>
  <ItemGroup>
    <ClCompile Include="main.cpp">
      <Filter>01.Main</Filter>
    </ClCompile>
    <ClCompile Include="pch.cpp" />
    <ClCompile Include="Game.cpp">
      <Filter>01.Main</Filter>
    </ClCompile>
  </ItemGroup>
</Project>